// !$*UTF8*$!
{
	archiveVersion = 1;
	classes = {
	};
	objectVersion = 46;
	objects = {

/* Begin PBXBuildFile section */
		8F88FE901C5F31B300A24080 /* main.m in Sources */ = {isa = PBXBuildFile; fileRef = 8F88FE8F1C5F31B300A24080 /* main.m */; };
		8F88FE931C5F31B300A24080 /* AppDelegate.m in Sources */ = {isa = PBXBuildFile; fileRef = 8F88FE921C5F31B300A24080 /* AppDelegate.m */; };
		8F88FE961C5F31B300A24080 /* ViewController.m in Sources */ = {isa = PBXBuildFile; fileRef = 8F88FE951C5F31B300A24080 /* ViewController.m */; };
		8F88FE991C5F31B300A24080 /* Main.storyboard in Resources */ = {isa = PBXBuildFile; fileRef = 8F88FE971C5F31B300A24080 /* Main.storyboard */; };
		8F88FE9B1C5F31B300A24080 /* Assets.xcassets in Resources */ = {isa = PBXBuildFile; fileRef = 8F88FE9A1C5F31B300A24080 /* Assets.xcassets */; };
		8F88FE9E1C5F31B300A24080 /* LaunchScreen.storyboard in Resources */ = {isa = PBXBuildFile; fileRef = 8F88FE9C1C5F31B300A24080 /* LaunchScreen.storyboard */; };
		8F88FEA91C5F31B300A24080 /* DJBrowserTests.m in Sources */ = {isa = PBXBuildFile; fileRef = 8F88FEA81C5F31B300A24080 /* DJBrowserTests.m */; };
		8F88FEB41C5F31B300A24080 /* DJBrowserUITests.m in Sources */ = {isa = PBXBuildFile; fileRef = 8F88FEB31C5F31B300A24080 /* DJBrowserUITests.m */; };
		8F88FEC71C5F34B400A24080 /* DJBrowserCtrl.m in Sources */ = {isa = PBXBuildFile; fileRef = 8F88FEC51C5F34B400A24080 /* DJBrowserCtrl.m */; };
		8F88FEE91C5F36C900A24080 /* LICENSE in Resources */ = {isa = PBXBuildFile; fileRef = 8F88FEC91C5F36C900A24080 /* LICENSE */; };
		8F88FEEA1C5F36C900A24080 /* README.md in Sources */ = {isa = PBXBuildFile; fileRef = 8F88FECA1C5F36C900A24080 /* README.md */; };
		8F88FEEB1C5F36C900A24080 /* NSData+ImageContentType.m in Sources */ = {isa = PBXBuildFile; fileRef = 8F88FECD1C5F36C900A24080 /* NSData+ImageContentType.m */; };
		8F88FEEC1C5F36C900A24080 /* SDImageCache.m in Sources */ = {isa = PBXBuildFile; fileRef = 8F88FECF1C5F36C900A24080 /* SDImageCache.m */; };
		8F88FEED1C5F36C900A24080 /* SDWebImageCompat.m in Sources */ = {isa = PBXBuildFile; fileRef = 8F88FED11C5F36C900A24080 /* SDWebImageCompat.m */; };
		8F88FEEE1C5F36C900A24080 /* SDWebImageDecoder.m in Sources */ = {isa = PBXBuildFile; fileRef = 8F88FED31C5F36C900A24080 /* SDWebImageDecoder.m */; };
		8F88FEEF1C5F36C900A24080 /* SDWebImageDownloader.m in Sources */ = {isa = PBXBuildFile; fileRef = 8F88FED51C5F36C900A24080 /* SDWebImageDownloader.m */; };
		8F88FEF01C5F36C900A24080 /* SDWebImageDownloaderOperation.m in Sources */ = {isa = PBXBuildFile; fileRef = 8F88FED71C5F36C900A24080 /* SDWebImageDownloaderOperation.m */; };
		8F88FEF11C5F36C900A24080 /* SDWebImageManager.m in Sources */ = {isa = PBXBuildFile; fileRef = 8F88FED91C5F36C900A24080 /* SDWebImageManager.m */; };
		8F88FEF21C5F36C900A24080 /* SDWebImagePrefetcher.m in Sources */ = {isa = PBXBuildFile; fileRef = 8F88FEDC1C5F36C900A24080 /* SDWebImagePrefetcher.m */; };
		8F88FEF31C5F36C900A24080 /* UIButton+WebCache.m in Sources */ = {isa = PBXBuildFile; fileRef = 8F88FEDE1C5F36C900A24080 /* UIButton+WebCache.m */; };
		8F88FEF41C5F36C900A24080 /* UIImage+GIF.m in Sources */ = {isa = PBXBuildFile; fileRef = 8F88FEE01C5F36C900A24080 /* UIImage+GIF.m */; };
		8F88FEF51C5F36C900A24080 /* UIImage+MultiFormat.m in Sources */ = {isa = PBXBuildFile; fileRef = 8F88FEE21C5F36C900A24080 /* UIImage+MultiFormat.m */; };
		8F88FEF61C5F36C900A24080 /* UIImageView+HighlightedWebCache.m in Sources */ = {isa = PBXBuildFile; fileRef = 8F88FEE41C5F36C900A24080 /* UIImageView+HighlightedWebCache.m */; };
		8F88FEF71C5F36C900A24080 /* UIImageView+WebCache.m in Sources */ = {isa = PBXBuildFile; fileRef = 8F88FEE61C5F36C900A24080 /* UIImageView+WebCache.m */; };
		8F88FEF81C5F36C900A24080 /* UIView+WebCacheOperation.m in Sources */ = {isa = PBXBuildFile; fileRef = 8F88FEE81C5F36C900A24080 /* UIView+WebCacheOperation.m */; };
		8F88FEFB1C5F370800A24080 /* UIView+Layout.m in Sources */ = {isa = PBXBuildFile; fileRef = 8F88FEFA1C5F370800A24080 /* UIView+Layout.m */; };
		8F88FEFE1C5F51C300A24080 /* DJBrowser.gif in Resources */ = {isa = PBXBuildFile; fileRef = 8F88FEFD1C5F51C300A24080 /* DJBrowser.gif */; };
/* End PBXBuildFile section */

/* Begin PBXContainerItemProxy section */
		8F88FEA51C5F31B300A24080 /* PBXContainerItemProxy */ = {
			isa = PBXContainerItemProxy;
			containerPortal = 8F88FE831C5F31B200A24080 /* Project object */;
			proxyType = 1;
			remoteGlobalIDString = 8F88FE8A1C5F31B200A24080;
			remoteInfo = DJBrowser;
		};
		8F88FEB01C5F31B300A24080 /* PBXContainerItemProxy */ = {
			isa = PBXContainerItemProxy;
			containerPortal = 8F88FE831C5F31B200A24080 /* Project object */;
			proxyType = 1;
			remoteGlobalIDString = 8F88FE8A1C5F31B200A24080;
			remoteInfo = DJBrowser;
		};
/* End PBXContainerItemProxy section */

/* Begin PBXFileReference section */
		8F88FE8B1C5F31B200A24080 /* DJBrowser.app */ = {isa = PBXFileReference; explicitFileType = wrapper.application; includeInIndex = 0; path = DJBrowser.app; sourceTree = BUILT_PRODUCTS_DIR; };
		8F88FE8F1C5F31B300A24080 /* main.m */ = {isa = PBXFileReference; lastKnownFileType = sourcecode.c.objc; path = main.m; sourceTree = "<group>"; };
		8F88FE911C5F31B300A24080 /* AppDelegate.h */ = {isa = PBXFileReference; lastKnownFileType = sourcecode.c.h; path = AppDelegate.h; sourceTree = "<group>"; };
		8F88FE921C5F31B300A24080 /* AppDelegate.m */ = {isa = PBXFileReference; lastKnownFileType = sourcecode.c.objc; path = AppDelegate.m; sourceTree = "<group>"; };
		8F88FE941C5F31B300A24080 /* ViewController.h */ = {isa = PBXFileReference; lastKnownFileType = sourcecode.c.h; path = ViewController.h; sourceTree = "<group>"; };
		8F88FE951C5F31B300A24080 /* ViewController.m */ = {isa = PBXFileReference; lastKnownFileType = sourcecode.c.objc; path = ViewController.m; sourceTree = "<group>"; };
		8F88FE981C5F31B300A24080 /* Base */ = {isa = PBXFileReference; lastKnownFileType = file.storyboard; name = Base; path = Base.lproj/Main.storyboard; sourceTree = "<group>"; };
		8F88FE9A1C5F31B300A24080 /* Assets.xcassets */ = {isa = PBXFileReference; lastKnownFileType = folder.assetcatalog; path = Assets.xcassets; sourceTree = "<group>"; };
		8F88FE9D1C5F31B300A24080 /* Base */ = {isa = PBXFileReference; lastKnownFileType = file.storyboard; name = Base; path = Base.lproj/LaunchScreen.storyboard; sourceTree = "<group>"; };
		8F88FE9F1C5F31B300A24080 /* Info.plist */ = {isa = PBXFileReference; lastKnownFileType = text.plist.xml; path = Info.plist; sourceTree = "<group>"; };
		8F88FEA41C5F31B300A24080 /* DJBrowserTests.xctest */ = {isa = PBXFileReference; explicitFileType = wrapper.cfbundle; includeInIndex = 0; path = DJBrowserTests.xctest; sourceTree = BUILT_PRODUCTS_DIR; };
		8F88FEA81C5F31B300A24080 /* DJBrowserTests.m */ = {isa = PBXFileReference; lastKnownFileType = sourcecode.c.objc; path = DJBrowserTests.m; sourceTree = "<group>"; };
		8F88FEAA1C5F31B300A24080 /* Info.plist */ = {isa = PBXFileReference; lastKnownFileType = text.plist.xml; path = Info.plist; sourceTree = "<group>"; };
		8F88FEAF1C5F31B300A24080 /* DJBrowserUITests.xctest */ = {isa = PBXFileReference; explicitFileType = wrapper.cfbundle; includeInIndex = 0; path = DJBrowserUITests.xctest; sourceTree = BUILT_PRODUCTS_DIR; };
		8F88FEB31C5F31B300A24080 /* DJBrowserUITests.m */ = {isa = PBXFileReference; lastKnownFileType = sourcecode.c.objc; path = DJBrowserUITests.m; sourceTree = "<group>"; };
		8F88FEB51C5F31B300A24080 /* Info.plist */ = {isa = PBXFileReference; lastKnownFileType = text.plist.xml; path = Info.plist; sourceTree = "<group>"; };
		8F88FEC41C5F34B400A24080 /* DJBrowserCtrl.h */ = {isa = PBXFileReference; fileEncoding = 4; lastKnownFileType = sourcecode.c.h; path = DJBrowserCtrl.h; sourceTree = "<group>"; };
		8F88FEC51C5F34B400A24080 /* DJBrowserCtrl.m */ = {isa = PBXFileReference; fileEncoding = 4; lastKnownFileType = sourcecode.c.objc; path = DJBrowserCtrl.m; sourceTree = "<group>"; };
		8F88FEC91C5F36C900A24080 /* LICENSE */ = {isa = PBXFileReference; fileEncoding = 4; lastKnownFileType = text; path = LICENSE; sourceTree = "<group>"; };
		8F88FECA1C5F36C900A24080 /* README.md */ = {isa = PBXFileReference; fileEncoding = 4; lastKnownFileType = net.daringfireball.markdown; path = README.md; sourceTree = "<group>"; };
		8F88FECC1C5F36C900A24080 /* NSData+ImageContentType.h */ = {isa = PBXFileReference; fileEncoding = 4; lastKnownFileType = sourcecode.c.h; path = "NSData+ImageContentType.h"; sourceTree = "<group>"; };
		8F88FECD1C5F36C900A24080 /* NSData+ImageContentType.m */ = {isa = PBXFileReference; fileEncoding = 4; lastKnownFileType = sourcecode.c.objc; path = "NSData+ImageContentType.m"; sourceTree = "<group>"; };
		8F88FECE1C5F36C900A24080 /* SDImageCache.h */ = {isa = PBXFileReference; fileEncoding = 4; lastKnownFileType = sourcecode.c.h; path = SDImageCache.h; sourceTree = "<group>"; };
		8F88FECF1C5F36C900A24080 /* SDImageCache.m */ = {isa = PBXFileReference; fileEncoding = 4; lastKnownFileType = sourcecode.c.objc; path = SDImageCache.m; sourceTree = "<group>"; };
		8F88FED01C5F36C900A24080 /* SDWebImageCompat.h */ = {isa = PBXFileReference; fileEncoding = 4; lastKnownFileType = sourcecode.c.h; path = SDWebImageCompat.h; sourceTree = "<group>"; };
		8F88FED11C5F36C900A24080 /* SDWebImageCompat.m */ = {isa = PBXFileReference; fileEncoding = 4; lastKnownFileType = sourcecode.c.objc; path = SDWebImageCompat.m; sourceTree = "<group>"; };
		8F88FED21C5F36C900A24080 /* SDWebImageDecoder.h */ = {isa = PBXFileReference; fileEncoding = 4; lastKnownFileType = sourcecode.c.h; path = SDWebImageDecoder.h; sourceTree = "<group>"; };
		8F88FED31C5F36C900A24080 /* SDWebImageDecoder.m */ = {isa = PBXFileReference; fileEncoding = 4; lastKnownFileType = sourcecode.c.objc; path = SDWebImageDecoder.m; sourceTree = "<group>"; };
		8F88FED41C5F36C900A24080 /* SDWebImageDownloader.h */ = {isa = PBXFileReference; fileEncoding = 4; lastKnownFileType = sourcecode.c.h; path = SDWebImageDownloader.h; sourceTree = "<group>"; };
		8F88FED51C5F36C900A24080 /* SDWebImageDownloader.m */ = {isa = PBXFileReference; fileEncoding = 4; lastKnownFileType = sourcecode.c.objc; path = SDWebImageDownloader.m; sourceTree = "<group>"; };
		8F88FED61C5F36C900A24080 /* SDWebImageDownloaderOperation.h */ = {isa = PBXFileReference; fileEncoding = 4; lastKnownFileType = sourcecode.c.h; path = SDWebImageDownloaderOperation.h; sourceTree = "<group>"; };
		8F88FED71C5F36C900A24080 /* SDWebImageDownloaderOperation.m */ = {isa = PBXFileReference; fileEncoding = 4; lastKnownFileType = sourcecode.c.objc; path = SDWebImageDownloaderOperation.m; sourceTree = "<group>"; };
		8F88FED81C5F36C900A24080 /* SDWebImageManager.h */ = {isa = PBXFileReference; fileEncoding = 4; lastKnownFileType = sourcecode.c.h; path = SDWebImageManager.h; sourceTree = "<group>"; };
		8F88FED91C5F36C900A24080 /* SDWebImageManager.m */ = {isa = PBXFileReference; fileEncoding = 4; lastKnownFileType = sourcecode.c.objc; path = SDWebImageManager.m; sourceTree = "<group>"; };
		8F88FEDA1C5F36C900A24080 /* SDWebImageOperation.h */ = {isa = PBXFileReference; fileEncoding = 4; lastKnownFileType = sourcecode.c.h; path = SDWebImageOperation.h; sourceTree = "<group>"; };
		8F88FEDB1C5F36C900A24080 /* SDWebImagePrefetcher.h */ = {isa = PBXFileReference; fileEncoding = 4; lastKnownFileType = sourcecode.c.h; path = SDWebImagePrefetcher.h; sourceTree = "<group>"; };
		8F88FEDC1C5F36C900A24080 /* SDWebImagePrefetcher.m */ = {isa = PBXFileReference; fileEncoding = 4; lastKnownFileType = sourcecode.c.objc; path = SDWebImagePrefetcher.m; sourceTree = "<group>"; };
		8F88FEDD1C5F36C900A24080 /* UIButton+WebCache.h */ = {isa = PBXFileReference; fileEncoding = 4; lastKnownFileType = sourcecode.c.h; path = "UIButton+WebCache.h"; sourceTree = "<group>"; };
		8F88FEDE1C5F36C900A24080 /* UIButton+WebCache.m */ = {isa = PBXFileReference; fileEncoding = 4; lastKnownFileType = sourcecode.c.objc; path = "UIButton+WebCache.m"; sourceTree = "<group>"; };
		8F88FEDF1C5F36C900A24080 /* UIImage+GIF.h */ = {isa = PBXFileReference; fileEncoding = 4; lastKnownFileType = sourcecode.c.h; path = "UIImage+GIF.h"; sourceTree = "<group>"; };
		8F88FEE01C5F36C900A24080 /* UIImage+GIF.m */ = {isa = PBXFileReference; fileEncoding = 4; lastKnownFileType = sourcecode.c.objc; path = "UIImage+GIF.m"; sourceTree = "<group>"; };
		8F88FEE11C5F36C900A24080 /* UIImage+MultiFormat.h */ = {isa = PBXFileReference; fileEncoding = 4; lastKnownFileType = sourcecode.c.h; path = "UIImage+MultiFormat.h"; sourceTree = "<group>"; };
		8F88FEE21C5F36C900A24080 /* UIImage+MultiFormat.m */ = {isa = PBXFileReference; fileEncoding = 4; lastKnownFileType = sourcecode.c.objc; path = "UIImage+MultiFormat.m"; sourceTree = "<group>"; };
		8F88FEE31C5F36C900A24080 /* UIImageView+HighlightedWebCache.h */ = {isa = PBXFileReference; fileEncoding = 4; lastKnownFileType = sourcecode.c.h; path = "UIImageView+HighlightedWebCache.h"; sourceTree = "<group>"; };
		8F88FEE41C5F36C900A24080 /* UIImageView+HighlightedWebCache.m */ = {isa = PBXFileReference; fileEncoding = 4; lastKnownFileType = sourcecode.c.objc; path = "UIImageView+HighlightedWebCache.m"; sourceTree = "<group>"; };
		8F88FEE51C5F36C900A24080 /* UIImageView+WebCache.h */ = {isa = PBXFileReference; fileEncoding = 4; lastKnownFileType = sourcecode.c.h; path = "UIImageView+WebCache.h"; sourceTree = "<group>"; };
		8F88FEE61C5F36C900A24080 /* UIImageView+WebCache.m */ = {isa = PBXFileReference; fileEncoding = 4; lastKnownFileType = sourcecode.c.objc; path = "UIImageView+WebCache.m"; sourceTree = "<group>"; };
		8F88FEE71C5F36C900A24080 /* UIView+WebCacheOperation.h */ = {isa = PBXFileReference; fileEncoding = 4; lastKnownFileType = sourcecode.c.h; path = "UIView+WebCacheOperation.h"; sourceTree = "<group>"; };
		8F88FEE81C5F36C900A24080 /* UIView+WebCacheOperation.m */ = {isa = PBXFileReference; fileEncoding = 4; lastKnownFileType = sourcecode.c.objc; path = "UIView+WebCacheOperation.m"; sourceTree = "<group>"; };
		8F88FEF91C5F370800A24080 /* UIView+Layout.h */ = {isa = PBXFileReference; fileEncoding = 4; lastKnownFileType = sourcecode.c.h; path = "UIView+Layout.h"; sourceTree = "<group>"; };
		8F88FEFA1C5F370800A24080 /* UIView+Layout.m */ = {isa = PBXFileReference; fileEncoding = 4; lastKnownFileType = sourcecode.c.objc; path = "UIView+Layout.m"; sourceTree = "<group>"; };
		8F88FEFD1C5F51C300A24080 /* DJBrowser.gif */ = {isa = PBXFileReference; lastKnownFileType = image.gif; path = DJBrowser.gif; sourceTree = "<group>"; };
/* End PBXFileReference section */

/* Begin PBXFrameworksBuildPhase section */
		8F88FE881C5F31B200A24080 /* Frameworks */ = {
			isa = PBXFrameworksBuildPhase;
			buildActionMask = 2147483647;
			files = (
			);
			runOnlyForDeploymentPostprocessing = 0;
		};
		8F88FEA11C5F31B300A24080 /* Frameworks */ = {
			isa = PBXFrameworksBuildPhase;
			buildActionMask = 2147483647;
			files = (
			);
			runOnlyForDeploymentPostprocessing = 0;
		};
		8F88FEAC1C5F31B300A24080 /* Frameworks */ = {
			isa = PBXFrameworksBuildPhase;
			buildActionMask = 2147483647;
			files = (
			);
			runOnlyForDeploymentPostprocessing = 0;
		};
/* End PBXFrameworksBuildPhase section */

/* Begin PBXGroup section */
		8F88FE821C5F31B200A24080 = {
			isa = PBXGroup;
			children = (
				8F88FE8D1C5F31B300A24080 /* DJBrowser */,
				8F88FEA71C5F31B300A24080 /* DJBrowserTests */,
				8F88FEB21C5F31B300A24080 /* DJBrowserUITests */,
				8F88FE8C1C5F31B200A24080 /* Products */,
			);
			sourceTree = "<group>";
		};
		8F88FE8C1C5F31B200A24080 /* Products */ = {
			isa = PBXGroup;
			children = (
				8F88FE8B1C5F31B200A24080 /* DJBrowser.app */,
				8F88FEA41C5F31B300A24080 /* DJBrowserTests.xctest */,
				8F88FEAF1C5F31B300A24080 /* DJBrowserUITests.xctest */,
			);
			name = Products;
			sourceTree = "<group>";
		};
		8F88FE8D1C5F31B300A24080 /* DJBrowser */ = {
			isa = PBXGroup;
			children = (
				8F88FEFC1C5F519000A24080 /* Source */,
				8F88FEC81C5F36C900A24080 /* SDWebImage */,
				8F88FEC11C5F34B400A24080 /* DJImageBrowser */,
				8F88FE911C5F31B300A24080 /* AppDelegate.h */,
				8F88FE921C5F31B300A24080 /* AppDelegate.m */,
				8F88FE941C5F31B300A24080 /* ViewController.h */,
				8F88FE951C5F31B300A24080 /* ViewController.m */,
				8F88FEF91C5F370800A24080 /* UIView+Layout.h */,
				8F88FEFA1C5F370800A24080 /* UIView+Layout.m */,
				8F88FE971C5F31B300A24080 /* Main.storyboard */,
				8F88FE9A1C5F31B300A24080 /* Assets.xcassets */,
				8F88FE9C1C5F31B300A24080 /* LaunchScreen.storyboard */,
				8F88FE9F1C5F31B300A24080 /* Info.plist */,
				8F88FE8E1C5F31B300A24080 /* Supporting Files */,
			);
			path = DJBrowser;
			sourceTree = "<group>";
		};
		8F88FE8E1C5F31B300A24080 /* Supporting Files */ = {
			isa = PBXGroup;
			children = (
				8F88FE8F1C5F31B300A24080 /* main.m */,
			);
			name = "Supporting Files";
			sourceTree = "<group>";
		};
		8F88FEA71C5F31B300A24080 /* DJBrowserTests */ = {
			isa = PBXGroup;
			children = (
				8F88FEA81C5F31B300A24080 /* DJBrowserTests.m */,
				8F88FEAA1C5F31B300A24080 /* Info.plist */,
			);
			path = DJBrowserTests;
			sourceTree = "<group>";
		};
		8F88FEB21C5F31B300A24080 /* DJBrowserUITests */ = {
			isa = PBXGroup;
			children = (
				8F88FEB31C5F31B300A24080 /* DJBrowserUITests.m */,
				8F88FEB51C5F31B300A24080 /* Info.plist */,
			);
			path = DJBrowserUITests;
			sourceTree = "<group>";
		};
		8F88FEC11C5F34B400A24080 /* DJImageBrowser */ = {
			isa = PBXGroup;
			children = (
				8F88FEC41C5F34B400A24080 /* DJBrowserCtrl.h */,
				8F88FEC51C5F34B400A24080 /* DJBrowserCtrl.m */,
			);
			path = DJImageBrowser;
			sourceTree = "<group>";
		};
		8F88FEC81C5F36C900A24080 /* SDWebImage */ = {
			isa = PBXGroup;
			children = (
				8F88FEC91C5F36C900A24080 /* LICENSE */,
				8F88FECA1C5F36C900A24080 /* README.md */,
				8F88FECB1C5F36C900A24080 /* SDWebImage */,
			);
			path = SDWebImage;
			sourceTree = "<group>";
		};
		8F88FECB1C5F36C900A24080 /* SDWebImage */ = {
			isa = PBXGroup;
			children = (
				8F88FECC1C5F36C900A24080 /* NSData+ImageContentType.h */,
				8F88FECD1C5F36C900A24080 /* NSData+ImageContentType.m */,
				8F88FECE1C5F36C900A24080 /* SDImageCache.h */,
				8F88FECF1C5F36C900A24080 /* SDImageCache.m */,
				8F88FED01C5F36C900A24080 /* SDWebImageCompat.h */,
				8F88FED11C5F36C900A24080 /* SDWebImageCompat.m */,
				8F88FED21C5F36C900A24080 /* SDWebImageDecoder.h */,
				8F88FED31C5F36C900A24080 /* SDWebImageDecoder.m */,
				8F88FED41C5F36C900A24080 /* SDWebImageDownloader.h */,
				8F88FED51C5F36C900A24080 /* SDWebImageDownloader.m */,
				8F88FED61C5F36C900A24080 /* SDWebImageDownloaderOperation.h */,
				8F88FED71C5F36C900A24080 /* SDWebImageDownloaderOperation.m */,
				8F88FED81C5F36C900A24080 /* SDWebImageManager.h */,
				8F88FED91C5F36C900A24080 /* SDWebImageManager.m */,
				8F88FEDA1C5F36C900A24080 /* SDWebImageOperation.h */,
				8F88FEDB1C5F36C900A24080 /* SDWebImagePrefetcher.h */,
				8F88FEDC1C5F36C900A24080 /* SDWebImagePrefetcher.m */,
				8F88FEDD1C5F36C900A24080 /* UIButton+WebCache.h */,
				8F88FEDE1C5F36C900A24080 /* UIButton+WebCache.m */,
				8F88FEDF1C5F36C900A24080 /* UIImage+GIF.h */,
				8F88FEE01C5F36C900A24080 /* UIImage+GIF.m */,
				8F88FEE11C5F36C900A24080 /* UIImage+MultiFormat.h */,
				8F88FEE21C5F36C900A24080 /* UIImage+MultiFormat.m */,
				8F88FEE31C5F36C900A24080 /* UIImageView+HighlightedWebCache.h */,
				8F88FEE41C5F36C900A24080 /* UIImageView+HighlightedWebCache.m */,
				8F88FEE51C5F36C900A24080 /* UIImageView+WebCache.h */,
				8F88FEE61C5F36C900A24080 /* UIImageView+WebCache.m */,
				8F88FEE71C5F36C900A24080 /* UIView+WebCacheOperation.h */,
				8F88FEE81C5F36C900A24080 /* UIView+WebCacheOperation.m */,
			);
			path = SDWebImage;
			sourceTree = "<group>";
		};
		8F88FEFC1C5F519000A24080 /* Source */ = {
			isa = PBXGroup;
			children = (
				8F88FEFD1C5F51C300A24080 /* DJBrowser.gif */,
			);
			path = Source;
			sourceTree = "<group>";
		};
/* End PBXGroup section */

/* Begin PBXNativeTarget section */
		8F88FE8A1C5F31B200A24080 /* DJBrowser */ = {
			isa = PBXNativeTarget;
			buildConfigurationList = 8F88FEB81C5F31B300A24080 /* Build configuration list for PBXNativeTarget "DJBrowser" */;
			buildPhases = (
				8F88FE871C5F31B200A24080 /* Sources */,
				8F88FE881C5F31B200A24080 /* Frameworks */,
				8F88FE891C5F31B200A24080 /* Resources */,
			);
			buildRules = (
			);
			dependencies = (
			);
			name = DJBrowser;
			productName = DJBrowser;
			productReference = 8F88FE8B1C5F31B200A24080 /* DJBrowser.app */;
			productType = "com.apple.product-type.application";
		};
		8F88FEA31C5F31B300A24080 /* DJBrowserTests */ = {
			isa = PBXNativeTarget;
			buildConfigurationList = 8F88FEBB1C5F31B300A24080 /* Build configuration list for PBXNativeTarget "DJBrowserTests" */;
			buildPhases = (
				8F88FEA01C5F31B300A24080 /* Sources */,
				8F88FEA11C5F31B300A24080 /* Frameworks */,
				8F88FEA21C5F31B300A24080 /* Resources */,
			);
			buildRules = (
			);
			dependencies = (
				8F88FEA61C5F31B300A24080 /* PBXTargetDependency */,
			);
			name = DJBrowserTests;
			productName = DJBrowserTests;
			productReference = 8F88FEA41C5F31B300A24080 /* DJBrowserTests.xctest */;
			productType = "com.apple.product-type.bundle.unit-test";
		};
		8F88FEAE1C5F31B300A24080 /* DJBrowserUITests */ = {
			isa = PBXNativeTarget;
			buildConfigurationList = 8F88FEBE1C5F31B300A24080 /* Build configuration list for PBXNativeTarget "DJBrowserUITests" */;
			buildPhases = (
				8F88FEAB1C5F31B300A24080 /* Sources */,
				8F88FEAC1C5F31B300A24080 /* Frameworks */,
				8F88FEAD1C5F31B300A24080 /* Resources */,
			);
			buildRules = (
			);
			dependencies = (
				8F88FEB11C5F31B300A24080 /* PBXTargetDependency */,
			);
			name = DJBrowserUITests;
			productName = DJBrowserUITests;
			productReference = 8F88FEAF1C5F31B300A24080 /* DJBrowserUITests.xctest */;
			productType = "com.apple.product-type.bundle.ui-testing";
		};
/* End PBXNativeTarget section */

/* Begin PBXProject section */
		8F88FE831C5F31B200A24080 /* Project object */ = {
			isa = PBXProject;
			attributes = {
				LastUpgradeCheck = 0720;
				ORGANIZATIONNAME = yoanna;
				TargetAttributes = {
					8F88FE8A1C5F31B200A24080 = {
						CreatedOnToolsVersion = 7.2;
					};
					8F88FEA31C5F31B300A24080 = {
						CreatedOnToolsVersion = 7.2;
						TestTargetID = 8F88FE8A1C5F31B200A24080;
					};
					8F88FEAE1C5F31B300A24080 = {
						CreatedOnToolsVersion = 7.2;
						TestTargetID = 8F88FE8A1C5F31B200A24080;
					};
				};
			};
			buildConfigurationList = 8F88FE861C5F31B200A24080 /* Build configuration list for PBXProject "DJBrowser" */;
			compatibilityVersion = "Xcode 3.2";
			developmentRegion = English;
			hasScannedForEncodings = 0;
			knownRegions = (
				en,
				Base,
			);
			mainGroup = 8F88FE821C5F31B200A24080;
			productRefGroup = 8F88FE8C1C5F31B200A24080 /* Products */;
			projectDirPath = "";
			projectRoot = "";
			targets = (
				8F88FE8A1C5F31B200A24080 /* DJBrowser */,
				8F88FEA31C5F31B300A24080 /* DJBrowserTests */,
				8F88FEAE1C5F31B300A24080 /* DJBrowserUITests */,
			);
		};
/* End PBXProject section */

/* Begin PBXResourcesBuildPhase section */
		8F88FE891C5F31B200A24080 /* Resources */ = {
			isa = PBXResourcesBuildPhase;
			buildActionMask = 2147483647;
			files = (
				8F88FE9E1C5F31B300A24080 /* LaunchScreen.storyboard in Resources */,
				8F88FEFE1C5F51C300A24080 /* DJBrowser.gif in Resources */,
				8F88FE9B1C5F31B300A24080 /* Assets.xcassets in Resources */,
				8F88FEE91C5F36C900A24080 /* LICENSE in Resources */,
				8F88FE991C5F31B300A24080 /* Main.storyboard in Resources */,
			);
			runOnlyForDeploymentPostprocessing = 0;
		};
		8F88FEA21C5F31B300A24080 /* Resources */ = {
			isa = PBXResourcesBuildPhase;
			buildActionMask = 2147483647;
			files = (
			);
			runOnlyForDeploymentPostprocessing = 0;
		};
		8F88FEAD1C5F31B300A24080 /* Resources */ = {
			isa = PBXResourcesBuildPhase;
			buildActionMask = 2147483647;
			files = (
			);
			runOnlyForDeploymentPostprocessing = 0;
		};
/* End PBXResourcesBuildPhase section */

/* Begin PBXSourcesBuildPhase section */
		8F88FE871C5F31B200A24080 /* Sources */ = {
			isa = PBXSourcesBuildPhase;
			buildActionMask = 2147483647;
			files = (
				8F88FEF61C5F36C900A24080 /* UIImageView+HighlightedWebCache.m in Sources */,
				8F88FEF51C5F36C900A24080 /* UIImage+MultiFormat.m in Sources */,
				8F88FEF01C5F36C900A24080 /* SDWebImageDownloaderOperation.m in Sources */,
				8F88FE961C5F31B300A24080 /* ViewController.m in Sources */,
				8F88FEED1C5F36C900A24080 /* SDWebImageCompat.m in Sources */,
				8F88FEF81C5F36C900A24080 /* UIView+WebCacheOperation.m in Sources */,
				8F88FEF41C5F36C900A24080 /* UIImage+GIF.m in Sources */,
				8F88FEF21C5F36C900A24080 /* SDWebImagePrefetcher.m in Sources */,
				8F88FEFB1C5F370800A24080 /* UIView+Layout.m in Sources */,
				8F88FE931C5F31B300A24080 /* AppDelegate.m in Sources */,
				8F88FEEA1C5F36C900A24080 /* README.md in Sources */,
				8F88FEEF1C5F36C900A24080 /* SDWebImageDownloader.m in Sources */,
				8F88FEF31C5F36C900A24080 /* UIButton+WebCache.m in Sources */,
				8F88FE901C5F31B300A24080 /* main.m in Sources */,
				8F88FEEB1C5F36C900A24080 /* NSData+ImageContentType.m in Sources */,
				8F88FEC71C5F34B400A24080 /* DJBrowserCtrl.m in Sources */,
				8F88FEF71C5F36C900A24080 /* UIImageView+WebCache.m in Sources */,
				8F88FEF11C5F36C900A24080 /* SDWebImageManager.m in Sources */,
				8F88FEEE1C5F36C900A24080 /* SDWebImageDecoder.m in Sources */,
				8F88FEEC1C5F36C900A24080 /* SDImageCache.m in Sources */,
			);
			runOnlyForDeploymentPostprocessing = 0;
		};
		8F88FEA01C5F31B300A24080 /* Sources */ = {
			isa = PBXSourcesBuildPhase;
			buildActionMask = 2147483647;
			files = (
				8F88FEA91C5F31B300A24080 /* DJBrowserTests.m in Sources */,
			);
			runOnlyForDeploymentPostprocessing = 0;
		};
		8F88FEAB1C5F31B300A24080 /* Sources */ = {
			isa = PBXSourcesBuildPhase;
			buildActionMask = 2147483647;
			files = (
				8F88FEB41C5F31B300A24080 /* DJBrowserUITests.m in Sources */,
			);
			runOnlyForDeploymentPostprocessing = 0;
		};
/* End PBXSourcesBuildPhase section */

/* Begin PBXTargetDependency section */
		8F88FEA61C5F31B300A24080 /* PBXTargetDependency */ = {
			isa = PBXTargetDependency;
			target = 8F88FE8A1C5F31B200A24080 /* DJBrowser */;
			targetProxy = 8F88FEA51C5F31B300A24080 /* PBXContainerItemProxy */;
		};
		8F88FEB11C5F31B300A24080 /* PBXTargetDependency */ = {
			isa = PBXTargetDependency;
			target = 8F88FE8A1C5F31B200A24080 /* DJBrowser */;
			targetProxy = 8F88FEB01C5F31B300A24080 /* PBXContainerItemProxy */;
		};
/* End PBXTargetDependency section */

/* Begin PBXVariantGroup section */
		8F88FE971C5F31B300A24080 /* Main.storyboard */ = {
			isa = PBXVariantGroup;
			children = (
				8F88FE981C5F31B300A24080 /* Base */,
			);
			name = Main.storyboard;
			sourceTree = "<group>";
		};
		8F88FE9C1C5F31B300A24080 /* LaunchScreen.storyboard */ = {
			isa = PBXVariantGroup;
			children = (
				8F88FE9D1C5F31B300A24080 /* Base */,
			);
			name = LaunchScreen.storyboard;
			sourceTree = "<group>";
		};
/* End PBXVariantGroup section */

/* Begin XCBuildConfiguration section */
		8F88FEB61C5F31B300A24080 /* Debug */ = {
			isa = XCBuildConfiguration;
			buildSettings = {
				ALWAYS_SEARCH_USER_PATHS = NO;
				CLANG_CXX_LANGUAGE_STANDARD = "gnu++0x";
				CLANG_CXX_LIBRARY = "libc++";
				CLANG_ENABLE_MODULES = YES;
				CLANG_ENABLE_OBJC_ARC = YES;
				CLANG_WARN_BOOL_CONVERSION = YES;
				CLANG_WARN_CONSTANT_CONVERSION = YES;
				CLANG_WARN_DIRECT_OBJC_ISA_USAGE = YES_ERROR;
				CLANG_WARN_EMPTY_BODY = YES;
				CLANG_WARN_ENUM_CONVERSION = YES;
				CLANG_WARN_INT_CONVERSION = YES;
				CLANG_WARN_OBJC_ROOT_CLASS = YES_ERROR;
				CLANG_WARN_UNREACHABLE_CODE = YES;
				CLANG_WARN__DUPLICATE_METHOD_MATCH = YES;
				"CODE_SIGN_IDENTITY[sdk=iphoneos*]" = "iPhone Developer";
				COPY_PHASE_STRIP = NO;
				DEBUG_INFORMATION_FORMAT = dwarf;
				ENABLE_STRICT_OBJC_MSGSEND = YES;
				ENABLE_TESTABILITY = YES;
				GCC_C_LANGUAGE_STANDARD = gnu99;
				GCC_DYNAMIC_NO_PIC = NO;
				GCC_NO_COMMON_BLOCKS = YES;
				GCC_OPTIMIZATION_LEVEL = 0;
				GCC_PREPROCESSOR_DEFINITIONS = (
					"DEBUG=1",
					"$(inherited)",
				);
				GCC_WARN_64_TO_32_BIT_CONVERSION = YES;
				GCC_WARN_ABOUT_RETURN_TYPE = YES_ERROR;
				GCC_WARN_UNDECLARED_SELECTOR = YES;
				GCC_WARN_UNINITIALIZED_AUTOS = YES_AGGRESSIVE;
				GCC_WARN_UNUSED_FUNCTION = YES;
				GCC_WARN_UNUSED_VARIABLE = YES;
				IPHONEOS_DEPLOYMENT_TARGET = 9.2;
				MTL_ENABLE_DEBUG_INFO = YES;
				ONLY_ACTIVE_ARCH = YES;
				SDKROOT = iphoneos;
			};
			name = Debug;
		};
		8F88FEB71C5F31B300A24080 /* Release */ = {
			isa = XCBuildConfiguration;
			buildSettings = {
				ALWAYS_SEARCH_USER_PATHS = NO;
				CLANG_CXX_LANGUAGE_STANDARD = "gnu++0x";
				CLANG_CXX_LIBRARY = "libc++";
				CLANG_ENABLE_MODULES = YES;
				CLANG_ENABLE_OBJC_ARC = YES;
				CLANG_WARN_BOOL_CONVERSION = YES;
				CLANG_WARN_CONSTANT_CONVERSION = YES;
				CLANG_WARN_DIRECT_OBJC_ISA_USAGE = YES_ERROR;
				CLANG_WARN_EMPTY_BODY = YES;
				CLANG_WARN_ENUM_CONVERSION = YES;
				CLANG_WARN_INT_CONVERSION = YES;
				CLANG_WARN_OBJC_ROOT_CLASS = YES_ERROR;
				CLANG_WARN_UNREACHABLE_CODE = YES;
				CLANG_WARN__DUPLICATE_METHOD_MATCH = YES;
				"CODE_SIGN_IDENTITY[sdk=iphoneos*]" = "iPhone Developer";
				COPY_PHASE_STRIP = NO;
				DEBUG_INFORMATION_FORMAT = "dwarf-with-dsym";
				ENABLE_NS_ASSERTIONS = NO;
				ENABLE_STRICT_OBJC_MSGSEND = YES;
				GCC_C_LANGUAGE_STANDARD = gnu99;
				GCC_NO_COMMON_BLOCKS = YES;
				GCC_WARN_64_TO_32_BIT_CONVERSION = YES;
				GCC_WARN_ABOUT_RETURN_TYPE = YES_ERROR;
				GCC_WARN_UNDECLARED_SELECTOR = YES;
				GCC_WARN_UNINITIALIZED_AUTOS = YES_AGGRESSIVE;
				GCC_WARN_UNUSED_FUNCTION = YES;
				GCC_WARN_UNUSED_VARIABLE = YES;
				IPHONEOS_DEPLOYMENT_TARGET = 9.2;
				MTL_ENABLE_DEBUG_INFO = NO;
				SDKROOT = iphoneos;
				VALIDATE_PRODUCT = YES;
			};
			name = Release;
		};
		8F88FEB91C5F31B300A24080 /* Debug */ = {
			isa = XCBuildConfiguration;
			buildSettings = {
				ASSETCATALOG_COMPILER_APPICON_NAME = AppIcon;
				INFOPLIST_FILE = DJBrowser/Info.plist;
				LD_RUNPATH_SEARCH_PATHS = "$(inherited) @executable_path/Frameworks";
				PRODUCT_BUNDLE_IDENTIFIER = com.dingjia.DJBrowser;
				PRODUCT_NAME = "$(TARGET_NAME)";
			};
			name = Debug;
		};
		8F88FEBA1C5F31B300A24080 /* Release */ = {
			isa = XCBuildConfiguration;
			buildSettings = {
				ASSETCATALOG_COMPILER_APPICON_NAME = AppIcon;
				INFOPLIST_FILE = DJBrowser/Info.plist;
				LD_RUNPATH_SEARCH_PATHS = "$(inherited) @executable_path/Frameworks";
				PRODUCT_BUNDLE_IDENTIFIER = com.dingjia.DJBrowser;
				PRODUCT_NAME = "$(TARGET_NAME)";
			};
			name = Release;
		};
		8F88FEBC1C5F31B300A24080 /* Debug */ = {
			isa = XCBuildConfiguration;
			buildSettings = {
				BUNDLE_LOADER = "$(TEST_HOST)";
				INFOPLIST_FILE = DJBrowserTests/Info.plist;
				LD_RUNPATH_SEARCH_PATHS = "$(inherited) @executable_path/Frameworks @loader_path/Frameworks";
				PRODUCT_BUNDLE_IDENTIFIER = com.dingjia.DJBrowserTests;
				PRODUCT_NAME = "$(TARGET_NAME)";
				TEST_HOST = "$(BUILT_PRODUCTS_DIR)/DJBrowser.app/DJBrowser";
			};
			name = Debug;
		};
		8F88FEBD1C5F31B300A24080 /* Release */ = {
			isa = XCBuildConfiguration;
			buildSettings = {
				BUNDLE_LOADER = "$(TEST_HOST)";
				INFOPLIST_FILE = DJBrowserTests/Info.plist;
				LD_RUNPATH_SEARCH_PATHS = "$(inherited) @executable_path/Frameworks @loader_path/Frameworks";
				PRODUCT_BUNDLE_IDENTIFIER = com.dingjia.DJBrowserTests;
				PRODUCT_NAME = "$(TARGET_NAME)";
				TEST_HOST = "$(BUILT_PRODUCTS_DIR)/DJBrowser.app/DJBrowser";
			};
			name = Release;
		};
		8F88FEBF1C5F31B300A24080 /* Debug */ = {
			isa = XCBuildConfiguration;
			buildSettings = {
				INFOPLIST_FILE = DJBrowserUITests/Info.plist;
				LD_RUNPATH_SEARCH_PATHS = "$(inherited) @executable_path/Frameworks @loader_path/Frameworks";
				PRODUCT_BUNDLE_IDENTIFIER = com.dingjia.DJBrowserUITests;
				PRODUCT_NAME = "$(TARGET_NAME)";
				TEST_TARGET_NAME = DJBrowser;
				USES_XCTRUNNER = YES;
			};
			name = Debug;
		};
		8F88FEC01C5F31B300A24080 /* Release */ = {
			isa = XCBuildConfiguration;
			buildSettings = {
				INFOPLIST_FILE = DJBrowserUITests/Info.plist;
				LD_RUNPATH_SEARCH_PATHS = "$(inherited) @executable_path/Frameworks @loader_path/Frameworks";
				PRODUCT_BUNDLE_IDENTIFIER = com.dingjia.DJBrowserUITests;
				PRODUCT_NAME = "$(TARGET_NAME)";
				TEST_TARGET_NAME = DJBrowser;
				USES_XCTRUNNER = YES;
			};
			name = Release;
		};
/* End XCBuildConfiguration section */

/* Begin XCConfigurationList section */
		8F88FE861C5F31B200A24080 /* Build configuration list for PBXProject "DJBrowser" */ = {
			isa = XCConfigurationList;
			buildConfigurations = (
				8F88FEB61C5F31B300A24080 /* Debug */,
				8F88FEB71C5F31B300A24080 /* Release */,
			);
			defaultConfigurationIsVisible = 0;
			defaultConfigurationName = Release;
		};
		8F88FEB81C5F31B300A24080 /* Build configuration list for PBXNativeTarget "DJBrowser" */ = {
			isa = XCConfigurationList;
			buildConfigurations = (
				8F88FEB91C5F31B300A24080 /* Debug */,
				8F88FEBA1C5F31B300A24080 /* Release */,
			);
			defaultConfigurationIsVisible = 0;
		};
		8F88FEBB1C5F31B300A24080 /* Build configuration list for PBXNativeTarget "DJBrowserTests" */ = {
			isa = XCConfigurationList;
			buildConfigurations = (
				8F88FEBC1C5F31B300A24080 /* Debug */,
				8F88FEBD1C5F31B300A24080 /* Release */,
			);
			defaultConfigurationIsVisible = 0;
		};
		8F88FEBE1C5F31B300A24080 /* Build configuration list for PBXNativeTarget "DJBrowserUITests" */ = {
			isa = XCConfigurationList;
			buildConfigurations = (
				8F88FEBF1C5F31B300A24080 /* Debug */,
				8F88FEC01C5F31B300A24080 /* Release */,
			);
			defaultConfigurationIsVisible = 0;
		};
/* End XCConfigurationList section */
	};
	rootObject = 8F88FE831C5F31B200A24080 /* Project object */;
}
