// !$*UTF8*$!
{
	archiveVersion = 1;
	classes = {
	};
	objectVersion = 46;
	objects = {

/* Begin PBXBuildFile section */
		0A9957C791C7FE9FA252B506 /* libPods-DJBrowser.a in Frameworks */ = {isa = PBXBuildFile; fileRef = 28E85CA3D3EE58CCA24B55CD /* libPods-DJBrowser.a */; };
		1AA3F6DF1E890D1A003FC811 /* DJCollectionViewPageLayout.m in Sources */ = {isa = PBXBuildFile; fileRef = 1AA3F6D21E890D1A003FC811 /* DJCollectionViewPageLayout.m */; };
		1AA3F6E01E890D1A003FC811 /* DJImageBrowserVC.m in Sources */ = {isa = PBXBuildFile; fileRef = 1AA3F6D61E890D1A003FC811 /* DJImageBrowserVC.m */; };
		1AA3F6E11E890D1A003FC811 /* DJImagePreviewCell.m in Sources */ = {isa = PBXBuildFile; fileRef = 1AA3F6D81E890D1A003FC811 /* DJImagePreviewCell.m */; };
		1AA3F6E21E890D1A003FC811 /* DJImagePreviewView.m in Sources */ = {isa = PBXBuildFile; fileRef = 1AA3F6DA1E890D1A003FC811 /* DJImagePreviewView.m */; };
		1AA3F6E31E890D1A003FC811 /* DJZoomImageView.m in Sources */ = {isa = PBXBuildFile; fileRef = 1AA3F6DD1E890D1A003FC811 /* DJZoomImageView.m */; };
		8F88FE901C5F31B300A24080 /* main.m in Sources */ = {isa = PBXBuildFile; fileRef = 8F88FE8F1C5F31B300A24080 /* main.m */; };
		8F88FE931C5F31B300A24080 /* AppDelegate.m in Sources */ = {isa = PBXBuildFile; fileRef = 8F88FE921C5F31B300A24080 /* AppDelegate.m */; };
		8F88FE961C5F31B300A24080 /* ViewController.m in Sources */ = {isa = PBXBuildFile; fileRef = 8F88FE951C5F31B300A24080 /* ViewController.m */; };
		8F88FE991C5F31B300A24080 /* Main.storyboard in Resources */ = {isa = PBXBuildFile; fileRef = 8F88FE971C5F31B300A24080 /* Main.storyboard */; };
		8F88FE9B1C5F31B300A24080 /* Assets.xcassets in Resources */ = {isa = PBXBuildFile; fileRef = 8F88FE9A1C5F31B300A24080 /* Assets.xcassets */; };
		8F88FE9E1C5F31B300A24080 /* LaunchScreen.storyboard in Resources */ = {isa = PBXBuildFile; fileRef = 8F88FE9C1C5F31B300A24080 /* LaunchScreen.storyboard */; };
		8F88FEA91C5F31B300A24080 /* DJBrowserTests.m in Sources */ = {isa = PBXBuildFile; fileRef = 8F88FEA81C5F31B300A24080 /* DJBrowserTests.m */; };
		8F88FEB41C5F31B300A24080 /* DJBrowserUITests.m in Sources */ = {isa = PBXBuildFile; fileRef = 8F88FEB31C5F31B300A24080 /* DJBrowserUITests.m */; };
		8F88FEFB1C5F370800A24080 /* UIView+Layout.m in Sources */ = {isa = PBXBuildFile; fileRef = 8F88FEFA1C5F370800A24080 /* UIView+Layout.m */; };
		8F88FEFE1C5F51C300A24080 /* DJBrowser.gif in Resources */ = {isa = PBXBuildFile; fileRef = 8F88FEFD1C5F51C300A24080 /* DJBrowser.gif */; };
/* End PBXBuildFile section */

/* Begin PBXContainerItemProxy section */
		8F88FEA51C5F31B300A24080 /* PBXContainerItemProxy */ = {
			isa = PBXContainerItemProxy;
			containerPortal = 8F88FE831C5F31B200A24080 /* Project object */;
			proxyType = 1;
			remoteGlobalIDString = 8F88FE8A1C5F31B200A24080;
			remoteInfo = DJBrowser;
		};
		8F88FEB01C5F31B300A24080 /* PBXContainerItemProxy */ = {
			isa = PBXContainerItemProxy;
			containerPortal = 8F88FE831C5F31B200A24080 /* Project object */;
			proxyType = 1;
			remoteGlobalIDString = 8F88FE8A1C5F31B200A24080;
			remoteInfo = DJBrowser;
		};
/* End PBXContainerItemProxy section */

/* Begin PBXFileReference section */
		1AA3F6D11E890D1A003FC811 /* DJCollectionViewPageLayout.h */ = {isa = PBXFileReference; fileEncoding = 4; lastKnownFileType = sourcecode.c.h; path = DJCollectionViewPageLayout.h; sourceTree = "<group>"; };
		1AA3F6D21E890D1A003FC811 /* DJCollectionViewPageLayout.m */ = {isa = PBXFileReference; fileEncoding = 4; lastKnownFileType = sourcecode.c.objc; path = DJCollectionViewPageLayout.m; sourceTree = "<group>"; };
		1AA3F6D31E890D1A003FC811 /* DJFramework.h */ = {isa = PBXFileReference; fileEncoding = 4; lastKnownFileType = sourcecode.c.h; path = DJFramework.h; sourceTree = "<group>"; };
		1AA3F6D51E890D1A003FC811 /* DJImageBrowserVC.h */ = {isa = PBXFileReference; fileEncoding = 4; lastKnownFileType = sourcecode.c.h; path = DJImageBrowserVC.h; sourceTree = "<group>"; };
		1AA3F6D61E890D1A003FC811 /* DJImageBrowserVC.m */ = {isa = PBXFileReference; fileEncoding = 4; lastKnownFileType = sourcecode.c.objc; path = DJImageBrowserVC.m; sourceTree = "<group>"; };
		1AA3F6D71E890D1A003FC811 /* DJImagePreviewCell.h */ = {isa = PBXFileReference; fileEncoding = 4; lastKnownFileType = sourcecode.c.h; path = DJImagePreviewCell.h; sourceTree = "<group>"; };
		1AA3F6D81E890D1A003FC811 /* DJImagePreviewCell.m */ = {isa = PBXFileReference; fileEncoding = 4; lastKnownFileType = sourcecode.c.objc; path = DJImagePreviewCell.m; sourceTree = "<group>"; };
		1AA3F6D91E890D1A003FC811 /* DJImagePreviewView.h */ = {isa = PBXFileReference; fileEncoding = 4; lastKnownFileType = sourcecode.c.h; path = DJImagePreviewView.h; sourceTree = "<group>"; };
		1AA3F6DA1E890D1A003FC811 /* DJImagePreviewView.m */ = {isa = PBXFileReference; fileEncoding = 4; lastKnownFileType = sourcecode.c.objc; path = DJImagePreviewView.m; sourceTree = "<group>"; };
		1AA3F6DB1E890D1A003FC811 /* DJImageSource.h */ = {isa = PBXFileReference; fileEncoding = 4; lastKnownFileType = sourcecode.c.h; path = DJImageSource.h; sourceTree = "<group>"; };
		1AA3F6DC1E890D1A003FC811 /* DJZoomImageView.h */ = {isa = PBXFileReference; fileEncoding = 4; lastKnownFileType = sourcecode.c.h; path = DJZoomImageView.h; sourceTree = "<group>"; };
		1AA3F6DD1E890D1A003FC811 /* DJZoomImageView.m */ = {isa = PBXFileReference; fileEncoding = 4; lastKnownFileType = sourcecode.c.objc; path = DJZoomImageView.m; sourceTree = "<group>"; };
		28E85CA3D3EE58CCA24B55CD /* libPods-DJBrowser.a */ = {isa = PBXFileReference; explicitFileType = archive.ar; includeInIndex = 0; path = "libPods-DJBrowser.a"; sourceTree = BUILT_PRODUCTS_DIR; };
		6BBEA392259F8C4DC3C7DE79 /* Pods-DJBrowser.debug.xcconfig */ = {isa = PBXFileReference; includeInIndex = 1; lastKnownFileType = text.xcconfig; name = "Pods-DJBrowser.debug.xcconfig"; path = "Pods/Target Support Files/Pods-DJBrowser/Pods-DJBrowser.debug.xcconfig"; sourceTree = "<group>"; };
		7277B5E7B2BD47CC81CA479E /* Pods-DJBrowser.release.xcconfig */ = {isa = PBXFileReference; includeInIndex = 1; lastKnownFileType = text.xcconfig; name = "Pods-DJBrowser.release.xcconfig"; path = "Pods/Target Support Files/Pods-DJBrowser/Pods-DJBrowser.release.xcconfig"; sourceTree = "<group>"; };
		8F88FE8B1C5F31B200A24080 /* DJBrowser.app */ = {isa = PBXFileReference; explicitFileType = wrapper.application; includeInIndex = 0; path = DJBrowser.app; sourceTree = BUILT_PRODUCTS_DIR; };
		8F88FE8F1C5F31B300A24080 /* main.m */ = {isa = PBXFileReference; lastKnownFileType = sourcecode.c.objc; path = main.m; sourceTree = "<group>"; };
		8F88FE911C5F31B300A24080 /* AppDelegate.h */ = {isa = PBXFileReference; lastKnownFileType = sourcecode.c.h; path = AppDelegate.h; sourceTree = "<group>"; };
		8F88FE921C5F31B300A24080 /* AppDelegate.m */ = {isa = PBXFileReference; lastKnownFileType = sourcecode.c.objc; path = AppDelegate.m; sourceTree = "<group>"; };
		8F88FE941C5F31B300A24080 /* ViewController.h */ = {isa = PBXFileReference; lastKnownFileType = sourcecode.c.h; path = ViewController.h; sourceTree = "<group>"; };
		8F88FE951C5F31B300A24080 /* ViewController.m */ = {isa = PBXFileReference; lastKnownFileType = sourcecode.c.objc; path = ViewController.m; sourceTree = "<group>"; };
		8F88FE981C5F31B300A24080 /* Base */ = {isa = PBXFileReference; lastKnownFileType = file.storyboard; name = Base; path = Base.lproj/Main.storyboard; sourceTree = "<group>"; };
		8F88FE9A1C5F31B300A24080 /* Assets.xcassets */ = {isa = PBXFileReference; lastKnownFileType = folder.assetcatalog; path = Assets.xcassets; sourceTree = "<group>"; };
		8F88FE9D1C5F31B300A24080 /* Base */ = {isa = PBXFileReference; lastKnownFileType = file.storyboard; name = Base; path = Base.lproj/LaunchScreen.storyboard; sourceTree = "<group>"; };
		8F88FE9F1C5F31B300A24080 /* Info.plist */ = {isa = PBXFileReference; lastKnownFileType = text.plist.xml; path = Info.plist; sourceTree = "<group>"; };
		8F88FEA41C5F31B300A24080 /* DJBrowserTests.xctest */ = {isa = PBXFileReference; explicitFileType = wrapper.cfbundle; includeInIndex = 0; path = DJBrowserTests.xctest; sourceTree = BUILT_PRODUCTS_DIR; };
		8F88FEA81C5F31B300A24080 /* DJBrowserTests.m */ = {isa = PBXFileReference; lastKnownFileType = sourcecode.c.objc; path = DJBrowserTests.m; sourceTree = "<group>"; };
		8F88FEAA1C5F31B300A24080 /* Info.plist */ = {isa = PBXFileReference; lastKnownFileType = text.plist.xml; path = Info.plist; sourceTree = "<group>"; };
		8F88FEAF1C5F31B300A24080 /* DJBrowserUITests.xctest */ = {isa = PBXFileReference; explicitFileType = wrapper.cfbundle; includeInIndex = 0; path = DJBrowserUITests.xctest; sourceTree = BUILT_PRODUCTS_DIR; };
		8F88FEB31C5F31B300A24080 /* DJBrowserUITests.m */ = {isa = PBXFileReference; lastKnownFileType = sourcecode.c.objc; path = DJBrowserUITests.m; sourceTree = "<group>"; };
		8F88FEB51C5F31B300A24080 /* Info.plist */ = {isa = PBXFileReference; lastKnownFileType = text.plist.xml; path = Info.plist; sourceTree = "<group>"; };
		8F88FEF91C5F370800A24080 /* UIView+Layout.h */ = {isa = PBXFileReference; fileEncoding = 4; lastKnownFileType = sourcecode.c.h; path = "UIView+Layout.h"; sourceTree = "<group>"; };
		8F88FEFA1C5F370800A24080 /* UIView+Layout.m */ = {isa = PBXFileReference; fileEncoding = 4; lastKnownFileType = sourcecode.c.objc; path = "UIView+Layout.m"; sourceTree = "<group>"; };
		8F88FEFD1C5F51C300A24080 /* DJBrowser.gif */ = {isa = PBXFileReference; lastKnownFileType = image.gif; path = DJBrowser.gif; sourceTree = "<group>"; };
/* End PBXFileReference section */

/* Begin PBXFrameworksBuildPhase section */
		8F88FE881C5F31B200A24080 /* Frameworks */ = {
			isa = PBXFrameworksBuildPhase;
			buildActionMask = 2147483647;
			files = (
				0A9957C791C7FE9FA252B506 /* libPods-DJBrowser.a in Frameworks */,
			);
			runOnlyForDeploymentPostprocessing = 0;
		};
		8F88FEA11C5F31B300A24080 /* Frameworks */ = {
			isa = PBXFrameworksBuildPhase;
			buildActionMask = 2147483647;
			files = (
			);
			runOnlyForDeploymentPostprocessing = 0;
		};
		8F88FEAC1C5F31B300A24080 /* Frameworks */ = {
			isa = PBXFrameworksBuildPhase;
			buildActionMask = 2147483647;
			files = (
			);
			runOnlyForDeploymentPostprocessing = 0;
		};
/* End PBXFrameworksBuildPhase section */

/* Begin PBXGroup section */
		1AA3F6CE1E890D1A003FC811 /* DJImageBrowser */ = {
			isa = PBXGroup;
			children = (
				1AA3F6D11E890D1A003FC811 /* DJCollectionViewPageLayout.h */,
				1AA3F6D21E890D1A003FC811 /* DJCollectionViewPageLayout.m */,
				1AA3F6D31E890D1A003FC811 /* DJFramework.h */,
				1AA3F6D51E890D1A003FC811 /* DJImageBrowserVC.h */,
				1AA3F6D61E890D1A003FC811 /* DJImageBrowserVC.m */,
				1AA3F6D71E890D1A003FC811 /* DJImagePreviewCell.h */,
				1AA3F6D81E890D1A003FC811 /* DJImagePreviewCell.m */,
				1AA3F6D91E890D1A003FC811 /* DJImagePreviewView.h */,
				1AA3F6DA1E890D1A003FC811 /* DJImagePreviewView.m */,
				1AA3F6DB1E890D1A003FC811 /* DJImageSource.h */,
				1AA3F6DC1E890D1A003FC811 /* DJZoomImageView.h */,
				1AA3F6DD1E890D1A003FC811 /* DJZoomImageView.m */,
			);
			path = DJImageBrowser;
			sourceTree = "<group>";
		};
		8F88FE821C5F31B200A24080 = {
			isa = PBXGroup;
			children = (
				8F88FE8D1C5F31B300A24080 /* DJBrowser */,
				8F88FEA71C5F31B300A24080 /* DJBrowserTests */,
				8F88FEB21C5F31B300A24080 /* DJBrowserUITests */,
				8F88FE8C1C5F31B200A24080 /* Products */,
				AD5365B70387275707BC59C0 /* Pods */,
				925C55274D5AAB3277CCF51F /* Frameworks */,
			);
			sourceTree = "<group>";
		};
		8F88FE8C1C5F31B200A24080 /* Products */ = {
			isa = PBXGroup;
			children = (
				8F88FE8B1C5F31B200A24080 /* DJBrowser.app */,
				8F88FEA41C5F31B300A24080 /* DJBrowserTests.xctest */,
				8F88FEAF1C5F31B300A24080 /* DJBrowserUITests.xctest */,
			);
			name = Products;
			sourceTree = "<group>";
		};
		8F88FE8D1C5F31B300A24080 /* DJBrowser */ = {
			isa = PBXGroup;
			children = (
				1AA3F6CE1E890D1A003FC811 /* DJImageBrowser */,
				8F88FEFC1C5F519000A24080 /* Source */,
				8F88FE911C5F31B300A24080 /* AppDelegate.h */,
				8F88FE921C5F31B300A24080 /* AppDelegate.m */,
				8F88FE941C5F31B300A24080 /* ViewController.h */,
				8F88FE951C5F31B300A24080 /* ViewController.m */,
				8F88FEF91C5F370800A24080 /* UIView+Layout.h */,
				8F88FEFA1C5F370800A24080 /* UIView+Layout.m */,
				8F88FE971C5F31B300A24080 /* Main.storyboard */,
				8F88FE9A1C5F31B300A24080 /* Assets.xcassets */,
				8F88FE9C1C5F31B300A24080 /* LaunchScreen.storyboard */,
				8F88FE9F1C5F31B300A24080 /* Info.plist */,
				8F88FE8E1C5F31B300A24080 /* Supporting Files */,
			);
			path = DJBrowser;
			sourceTree = "<group>";
		};
		8F88FE8E1C5F31B300A24080 /* Supporting Files */ = {
			isa = PBXGroup;
			children = (
				8F88FE8F1C5F31B300A24080 /* main.m */,
			);
			name = "Supporting Files";
			sourceTree = "<group>";
		};
		8F88FEA71C5F31B300A24080 /* DJBrowserTests */ = {
			isa = PBXGroup;
			children = (
				8F88FEA81C5F31B300A24080 /* DJBrowserTests.m */,
				8F88FEAA1C5F31B300A24080 /* Info.plist */,
			);
			path = DJBrowserTests;
			sourceTree = "<group>";
		};
		8F88FEB21C5F31B300A24080 /* DJBrowserUITests */ = {
			isa = PBXGroup;
			children = (
				8F88FEB31C5F31B300A24080 /* DJBrowserUITests.m */,
				8F88FEB51C5F31B300A24080 /* Info.plist */,
			);
			path = DJBrowserUITests;
			sourceTree = "<group>";
		};
		8F88FEFC1C5F519000A24080 /* Source */ = {
			isa = PBXGroup;
			children = (
				8F88FEFD1C5F51C300A24080 /* DJBrowser.gif */,
			);
			path = Source;
			sourceTree = "<group>";
		};
		925C55274D5AAB3277CCF51F /* Frameworks */ = {
			isa = PBXGroup;
			children = (
				28E85CA3D3EE58CCA24B55CD /* libPods-DJBrowser.a */,
			);
			name = Frameworks;
			sourceTree = "<group>";
		};
		AD5365B70387275707BC59C0 /* Pods */ = {
			isa = PBXGroup;
			children = (
				6BBEA392259F8C4DC3C7DE79 /* Pods-DJBrowser.debug.xcconfig */,
				7277B5E7B2BD47CC81CA479E /* Pods-DJBrowser.release.xcconfig */,
			);
			name = Pods;
			sourceTree = "<group>";
		};
/* End PBXGroup section */

/* Begin PBXNativeTarget section */
		8F88FE8A1C5F31B200A24080 /* DJBrowser */ = {
			isa = PBXNativeTarget;
			buildConfigurationList = 8F88FEB81C5F31B300A24080 /* Build configuration list for PBXNativeTarget "DJBrowser" */;
			buildPhases = (
				C1B88CBBC52DBD846C024640 /* [CP] Check Pods Manifest.lock */,
				8F88FE871C5F31B200A24080 /* Sources */,
				8F88FE881C5F31B200A24080 /* Frameworks */,
				8F88FE891C5F31B200A24080 /* Resources */,
				1A9AB6DADF6D602EFAE5E4F8 /* [CP] Embed Pods Frameworks */,
				3DE333815D0930C6171DD6BC /* [CP] Copy Pods Resources */,
			);
			buildRules = (
			);
			dependencies = (
			);
			name = DJBrowser;
			productName = DJBrowser;
			productReference = 8F88FE8B1C5F31B200A24080 /* DJBrowser.app */;
			productType = "com.apple.product-type.application";
		};
		8F88FEA31C5F31B300A24080 /* DJBrowserTests */ = {
			isa = PBXNativeTarget;
			buildConfigurationList = 8F88FEBB1C5F31B300A24080 /* Build configuration list for PBXNativeTarget "DJBrowserTests" */;
			buildPhases = (
				8F88FEA01C5F31B300A24080 /* Sources */,
				8F88FEA11C5F31B300A24080 /* Frameworks */,
				8F88FEA21C5F31B300A24080 /* Resources */,
			);
			buildRules = (
			);
			dependencies = (
				8F88FEA61C5F31B300A24080 /* PBXTargetDependency */,
			);
			name = DJBrowserTests;
			productName = DJBrowserTests;
			productReference = 8F88FEA41C5F31B300A24080 /* DJBrowserTests.xctest */;
			productType = "com.apple.product-type.bundle.unit-test";
		};
		8F88FEAE1C5F31B300A24080 /* DJBrowserUITests */ = {
			isa = PBXNativeTarget;
			buildConfigurationList = 8F88FEBE1C5F31B300A24080 /* Build configuration list for PBXNativeTarget "DJBrowserUITests" */;
			buildPhases = (
				8F88FEAB1C5F31B300A24080 /* Sources */,
				8F88FEAC1C5F31B300A24080 /* Frameworks */,
				8F88FEAD1C5F31B300A24080 /* Resources */,
			);
			buildRules = (
			);
			dependencies = (
				8F88FEB11C5F31B300A24080 /* PBXTargetDependency */,
			);
			name = DJBrowserUITests;
			productName = DJBrowserUITests;
			productReference = 8F88FEAF1C5F31B300A24080 /* DJBrowserUITests.xctest */;
			productType = "com.apple.product-type.bundle.ui-testing";
		};
/* End PBXNativeTarget section */

/* Begin PBXProject section */
		8F88FE831C5F31B200A24080 /* Project object */ = {
			isa = PBXProject;
			attributes = {
				LastUpgradeCheck = 0720;
				ORGANIZATIONNAME = yoanna;
				TargetAttributes = {
					8F88FE8A1C5F31B200A24080 = {
						CreatedOnToolsVersion = 7.2;
						DevelopmentTeam = Q7JTV73B5B;
					};
					8F88FEA31C5F31B300A24080 = {
						CreatedOnToolsVersion = 7.2;
						TestTargetID = 8F88FE8A1C5F31B200A24080;
					};
					8F88FEAE1C5F31B300A24080 = {
						CreatedOnToolsVersion = 7.2;
						TestTargetID = 8F88FE8A1C5F31B200A24080;
					};
				};
			};
			buildConfigurationList = 8F88FE861C5F31B200A24080 /* Build configuration list for PBXProject "DJBrowser" */;
			compatibilityVersion = "Xcode 3.2";
			developmentRegion = English;
			hasScannedForEncodings = 0;
			knownRegions = (
				en,
				Base,
			);
			mainGroup = 8F88FE821C5F31B200A24080;
			productRefGroup = 8F88FE8C1C5F31B200A24080 /* Products */;
			projectDirPath = "";
			projectRoot = "";
			targets = (
				8F88FE8A1C5F31B200A24080 /* DJBrowser */,
				8F88FEA31C5F31B300A24080 /* DJBrowserTests */,
				8F88FEAE1C5F31B300A24080 /* DJBrowserUITests */,
			);
		};
/* End PBXProject section */

/* Begin PBXResourcesBuildPhase section */
		8F88FE891C5F31B200A24080 /* Resources */ = {
			isa = PBXResourcesBuildPhase;
			buildActionMask = 2147483647;
			files = (
				8F88FE9E1C5F31B300A24080 /* LaunchScreen.storyboard in Resources */,
				8F88FEFE1C5F51C300A24080 /* DJBrowser.gif in Resources */,
				8F88FE9B1C5F31B300A24080 /* Assets.xcassets in Resources */,
				8F88FE991C5F31B300A24080 /* Main.storyboard in Resources */,
			);
			runOnlyForDeploymentPostprocessing = 0;
		};
		8F88FEA21C5F31B300A24080 /* Resources */ = {
			isa = PBXResourcesBuildPhase;
			buildActionMask = 2147483647;
			files = (
			);
			runOnlyForDeploymentPostprocessing = 0;
		};
		8F88FEAD1C5F31B300A24080 /* Resources */ = {
			isa = PBXResourcesBuildPhase;
			buildActionMask = 2147483647;
			files = (
			);
			runOnlyForDeploymentPostprocessing = 0;
		};
/* End PBXResourcesBuildPhase section */

/* Begin PBXShellScriptBuildPhase section */
		1A9AB6DADF6D602EFAE5E4F8 /* [CP] Embed Pods Frameworks */ = {
			isa = PBXShellScriptBuildPhase;
			buildActionMask = 2147483647;
			files = (
			);
			inputPaths = (
			);
			name = "[CP] Embed Pods Frameworks";
			outputPaths = (
			);
			runOnlyForDeploymentPostprocessing = 0;
			shellPath = /bin/sh;
			shellScript = "\"${SRCROOT}/Pods/Target Support Files/Pods-DJBrowser/Pods-DJBrowser-frameworks.sh\"\n";
			showEnvVarsInLog = 0;
		};
		3DE333815D0930C6171DD6BC /* [CP] Copy Pods Resources */ = {
			isa = PBXShellScriptBuildPhase;
			buildActionMask = 2147483647;
			files = (
			);
			inputPaths = (
			);
			name = "[CP] Copy Pods Resources";
			outputPaths = (
			);
			runOnlyForDeploymentPostprocessing = 0;
			shellPath = /bin/sh;
			shellScript = "\"${SRCROOT}/Pods/Target Support Files/Pods-DJBrowser/Pods-DJBrowser-resources.sh\"\n";
			showEnvVarsInLog = 0;
		};
		C1B88CBBC52DBD846C024640 /* [CP] Check Pods Manifest.lock */ = {
			isa = PBXShellScriptBuildPhase;
			buildActionMask = 2147483647;
			files = (
			);
			inputPaths = (
			);
			name = "[CP] Check Pods Manifest.lock";
			outputPaths = (
			);
			runOnlyForDeploymentPostprocessing = 0;
			shellPath = /bin/sh;
			shellScript = "diff \"${PODS_ROOT}/../Podfile.lock\" \"${PODS_ROOT}/Manifest.lock\" > /dev/null\nif [ $? != 0 ] ; then\n    # print error to STDERR\n    echo \"error: The sandbox is not in sync with the Podfile.lock. Run 'pod install' or update your CocoaPods installation.\" >&2\n    exit 1\nfi\n";
			showEnvVarsInLog = 0;
		};
/* End PBXShellScriptBuildPhase section */

/* Begin PBXSourcesBuildPhase section */
		8F88FE871C5F31B200A24080 /* Sources */ = {
			isa = PBXSourcesBuildPhase;
			buildActionMask = 2147483647;
			files = (
				1AA3F6E01E890D1A003FC811 /* DJImageBrowserVC.m in Sources */,
				8F88FE961C5F31B300A24080 /* ViewController.m in Sources */,
				1AA3F6E11E890D1A003FC811 /* DJImagePreviewCell.m in Sources */,
				8F88FEFB1C5F370800A24080 /* UIView+Layout.m in Sources */,
				8F88FE931C5F31B300A24080 /* AppDelegate.m in Sources */,
				1AA3F6E31E890D1A003FC811 /* DJZoomImageView.m in Sources */,
				8F88FE901C5F31B300A24080 /* main.m in Sources */,
				1AA3F6DF1E890D1A003FC811 /* DJCollectionViewPageLayout.m in Sources */,
				1AA3F6E21E890D1A003FC811 /* DJImagePreviewView.m in Sources */,
			);
			runOnlyForDeploymentPostprocessing = 0;
		};
		8F88FEA01C5F31B300A24080 /* Sources */ = {
			isa = PBXSourcesBuildPhase;
			buildActionMask = 2147483647;
			files = (
				8F88FEA91C5F31B300A24080 /* DJBrowserTests.m in Sources */,
			);
			runOnlyForDeploymentPostprocessing = 0;
		};
		8F88FEAB1C5F31B300A24080 /* Sources */ = {
			isa = PBXSourcesBuildPhase;
			buildActionMask = 2147483647;
			files = (
				8F88FEB41C5F31B300A24080 /* DJBrowserUITests.m in Sources */,
			);
			runOnlyForDeploymentPostprocessing = 0;
		};
/* End PBXSourcesBuildPhase section */

/* Begin PBXTargetDependency section */
		8F88FEA61C5F31B300A24080 /* PBXTargetDependency */ = {
			isa = PBXTargetDependency;
			target = 8F88FE8A1C5F31B200A24080 /* DJBrowser */;
			targetProxy = 8F88FEA51C5F31B300A24080 /* PBXContainerItemProxy */;
		};
		8F88FEB11C5F31B300A24080 /* PBXTargetDependency */ = {
			isa = PBXTargetDependency;
			target = 8F88FE8A1C5F31B200A24080 /* DJBrowser */;
			targetProxy = 8F88FEB01C5F31B300A24080 /* PBXContainerItemProxy */;
		};
/* End PBXTargetDependency section */

/* Begin PBXVariantGroup section */
		8F88FE971C5F31B300A24080 /* Main.storyboard */ = {
			isa = PBXVariantGroup;
			children = (
				8F88FE981C5F31B300A24080 /* Base */,
			);
			name = Main.storyboard;
			sourceTree = "<group>";
		};
		8F88FE9C1C5F31B300A24080 /* LaunchScreen.storyboard */ = {
			isa = PBXVariantGroup;
			children = (
				8F88FE9D1C5F31B300A24080 /* Base */,
			);
			name = LaunchScreen.storyboard;
			sourceTree = "<group>";
		};
/* End PBXVariantGroup section */

/* Begin XCBuildConfiguration section */
		8F88FEB61C5F31B300A24080 /* Debug */ = {
			isa = XCBuildConfiguration;
			buildSettings = {
				ALWAYS_SEARCH_USER_PATHS = NO;
				CLANG_CXX_LANGUAGE_STANDARD = "gnu++0x";
				CLANG_CXX_LIBRARY = "libc++";
				CLANG_ENABLE_MODULES = YES;
				CLANG_ENABLE_OBJC_ARC = YES;
				CLANG_WARN_BOOL_CONVERSION = YES;
				CLANG_WARN_CONSTANT_CONVERSION = YES;
				CLANG_WARN_DIRECT_OBJC_ISA_USAGE = YES_ERROR;
				CLANG_WARN_EMPTY_BODY = YES;
				CLANG_WARN_ENUM_CONVERSION = YES;
				CLANG_WARN_INT_CONVERSION = YES;
				CLANG_WARN_OBJC_ROOT_CLASS = YES_ERROR;
				CLANG_WARN_UNREACHABLE_CODE = YES;
				CLANG_WARN__DUPLICATE_METHOD_MATCH = YES;
				"CODE_SIGN_IDENTITY[sdk=iphoneos*]" = "iPhone Developer";
				COPY_PHASE_STRIP = NO;
				DEBUG_INFORMATION_FORMAT = dwarf;
				ENABLE_STRICT_OBJC_MSGSEND = YES;
				ENABLE_TESTABILITY = YES;
				GCC_C_LANGUAGE_STANDARD = gnu99;
				GCC_DYNAMIC_NO_PIC = NO;
				GCC_NO_COMMON_BLOCKS = YES;
				GCC_OPTIMIZATION_LEVEL = 0;
				GCC_PREPROCESSOR_DEFINITIONS = (
					"DEBUG=1",
					"$(inherited)",
				);
				GCC_WARN_64_TO_32_BIT_CONVERSION = YES;
				GCC_WARN_ABOUT_RETURN_TYPE = YES_ERROR;
				GCC_WARN_UNDECLARED_SELECTOR = YES;
				GCC_WARN_UNINITIALIZED_AUTOS = YES_AGGRESSIVE;
				GCC_WARN_UNUSED_FUNCTION = YES;
				GCC_WARN_UNUSED_VARIABLE = YES;
				IPHONEOS_DEPLOYMENT_TARGET = 9.2;
				MTL_ENABLE_DEBUG_INFO = YES;
				ONLY_ACTIVE_ARCH = YES;
				SDKROOT = iphoneos;
			};
			name = Debug;
		};
		8F88FEB71C5F31B300A24080 /* Release */ = {
			isa = XCBuildConfiguration;
			buildSettings = {
				ALWAYS_SEARCH_USER_PATHS = NO;
				CLANG_CXX_LANGUAGE_STANDARD = "gnu++0x";
				CLANG_CXX_LIBRARY = "libc++";
				CLANG_ENABLE_MODULES = YES;
				CLANG_ENABLE_OBJC_ARC = YES;
				CLANG_WARN_BOOL_CONVERSION = YES;
				CLANG_WARN_CONSTANT_CONVERSION = YES;
				CLANG_WARN_DIRECT_OBJC_ISA_USAGE = YES_ERROR;
				CLANG_WARN_EMPTY_BODY = YES;
				CLANG_WARN_ENUM_CONVERSION = YES;
				CLANG_WARN_INT_CONVERSION = YES;
				CLANG_WARN_OBJC_ROOT_CLASS = YES_ERROR;
				CLANG_WARN_UNREACHABLE_CODE = YES;
				CLANG_WARN__DUPLICATE_METHOD_MATCH = YES;
				"CODE_SIGN_IDENTITY[sdk=iphoneos*]" = "iPhone Developer";
				COPY_PHASE_STRIP = NO;
				DEBUG_INFORMATION_FORMAT = "dwarf-with-dsym";
				ENABLE_NS_ASSERTIONS = NO;
				ENABLE_STRICT_OBJC_MSGSEND = YES;
				GCC_C_LANGUAGE_STANDARD = gnu99;
				GCC_NO_COMMON_BLOCKS = YES;
				GCC_WARN_64_TO_32_BIT_CONVERSION = YES;
				GCC_WARN_ABOUT_RETURN_TYPE = YES_ERROR;
				GCC_WARN_UNDECLARED_SELECTOR = YES;
				GCC_WARN_UNINITIALIZED_AUTOS = YES_AGGRESSIVE;
				GCC_WARN_UNUSED_FUNCTION = YES;
				GCC_WARN_UNUSED_VARIABLE = YES;
				IPHONEOS_DEPLOYMENT_TARGET = 9.2;
				MTL_ENABLE_DEBUG_INFO = NO;
				SDKROOT = iphoneos;
				VALIDATE_PRODUCT = YES;
			};
			name = Release;
		};
		8F88FEB91C5F31B300A24080 /* Debug */ = {
			isa = XCBuildConfiguration;
			baseConfigurationReference = 6BBEA392259F8C4DC3C7DE79 /* Pods-DJBrowser.debug.xcconfig */;
			buildSettings = {
				ASSETCATALOG_COMPILER_APPICON_NAME = AppIcon;
				DEVELOPMENT_TEAM = Q7JTV73B5B;
				INFOPLIST_FILE = DJBrowser/Info.plist;
				LD_RUNPATH_SEARCH_PATHS = "$(inherited) @executable_path/Frameworks";
				PRODUCT_BUNDLE_IDENTIFIER = com.dingjia.DJBrowser;
				PRODUCT_NAME = "$(TARGET_NAME)";
			};
			name = Debug;
		};
		8F88FEBA1C5F31B300A24080 /* Release */ = {
			isa = XCBuildConfiguration;
			baseConfigurationReference = 7277B5E7B2BD47CC81CA479E /* Pods-DJBrowser.release.xcconfig */;
			buildSettings = {
				ASSETCATALOG_COMPILER_APPICON_NAME = AppIcon;
				DEVELOPMENT_TEAM = Q7JTV73B5B;
				INFOPLIST_FILE = DJBrowser/Info.plist;
				LD_RUNPATH_SEARCH_PATHS = "$(inherited) @executable_path/Frameworks";
				PRODUCT_BUNDLE_IDENTIFIER = com.dingjia.DJBrowser;
				PRODUCT_NAME = "$(TARGET_NAME)";
			};
			name = Release;
		};
		8F88FEBC1C5F31B300A24080 /* Debug */ = {
			isa = XCBuildConfiguration;
			buildSettings = {
				BUNDLE_LOADER = "$(TEST_HOST)";
				INFOPLIST_FILE = DJBrowserTests/Info.plist;
				LD_RUNPATH_SEARCH_PATHS = "$(inherited) @executable_path/Frameworks @loader_path/Frameworks";
				PRODUCT_BUNDLE_IDENTIFIER = com.dingjia.DJBrowserTests;
				PRODUCT_NAME = "$(TARGET_NAME)";
				TEST_HOST = "$(BUILT_PRODUCTS_DIR)/DJBrowser.app/DJBrowser";
			};
			name = Debug;
		};
		8F88FEBD1C5F31B300A24080 /* Release */ = {
			isa = XCBuildConfiguration;
			buildSettings = {
				BUNDLE_LOADER = "$(TEST_HOST)";
				INFOPLIST_FILE = DJBrowserTests/Info.plist;
				LD_RUNPATH_SEARCH_PATHS = "$(inherited) @executable_path/Frameworks @loader_path/Frameworks";
				PRODUCT_BUNDLE_IDENTIFIER = com.dingjia.DJBrowserTests;
				PRODUCT_NAME = "$(TARGET_NAME)";
				TEST_HOST = "$(BUILT_PRODUCTS_DIR)/DJBrowser.app/DJBrowser";
			};
			name = Release;
		};
		8F88FEBF1C5F31B300A24080 /* Debug */ = {
			isa = XCBuildConfiguration;
			buildSettings = {
				INFOPLIST_FILE = DJBrowserUITests/Info.plist;
				LD_RUNPATH_SEARCH_PATHS = "$(inherited) @executable_path/Frameworks @loader_path/Frameworks";
				PRODUCT_BUNDLE_IDENTIFIER = com.dingjia.DJBrowserUITests;
				PRODUCT_NAME = "$(TARGET_NAME)";
				TEST_TARGET_NAME = DJBrowser;
				USES_XCTRUNNER = YES;
			};
			name = Debug;
		};
		8F88FEC01C5F31B300A24080 /* Release */ = {
			isa = XCBuildConfiguration;
			buildSettings = {
				INFOPLIST_FILE = DJBrowserUITests/Info.plist;
				LD_RUNPATH_SEARCH_PATHS = "$(inherited) @executable_path/Frameworks @loader_path/Frameworks";
				PRODUCT_BUNDLE_IDENTIFIER = com.dingjia.DJBrowserUITests;
				PRODUCT_NAME = "$(TARGET_NAME)";
				TEST_TARGET_NAME = DJBrowser;
				USES_XCTRUNNER = YES;
			};
			name = Release;
		};
/* End XCBuildConfiguration section */

/* Begin XCConfigurationList section */
		8F88FE861C5F31B200A24080 /* Build configuration list for PBXProject "DJBrowser" */ = {
			isa = XCConfigurationList;
			buildConfigurations = (
				8F88FEB61C5F31B300A24080 /* Debug */,
				8F88FEB71C5F31B300A24080 /* Release */,
			);
			defaultConfigurationIsVisible = 0;
			defaultConfigurationName = Release;
		};
		8F88FEB81C5F31B300A24080 /* Build configuration list for PBXNativeTarget "DJBrowser" */ = {
			isa = XCConfigurationList;
			buildConfigurations = (
				8F88FEB91C5F31B300A24080 /* Debug */,
				8F88FEBA1C5F31B300A24080 /* Release */,
			);
			defaultConfigurationIsVisible = 0;
			defaultConfigurationName = Release;
		};
		8F88FEBB1C5F31B300A24080 /* Build configuration list for PBXNativeTarget "DJBrowserTests" */ = {
			isa = XCConfigurationList;
			buildConfigurations = (
				8F88FEBC1C5F31B300A24080 /* Debug */,
				8F88FEBD1C5F31B300A24080 /* Release */,
			);
			defaultConfigurationIsVisible = 0;
			defaultConfigurationName = Release;
		};
		8F88FEBE1C5F31B300A24080 /* Build configuration list for PBXNativeTarget "DJBrowserUITests" */ = {
			isa = XCConfigurationList;
			buildConfigurations = (
				8F88FEBF1C5F31B300A24080 /* Debug */,
				8F88FEC01C5F31B300A24080 /* Release */,
			);
			defaultConfigurationIsVisible = 0;
			defaultConfigurationName = Release;
		};
/* End XCConfigurationList section */
	};
	rootObject = 8F88FE831C5F31B200A24080 /* Project object */;
}
